// !$*UTF8*$!
{
	archiveVersion = 1;
	classes = {
	};
	objectVersion = 56;
	objects = {

/* Begin PBXBuildFile section */
		91136CEF2C34ECBF0035B56C /* RatingsView.swift in Sources */ = {isa = PBXBuildFile; fileRef = 91136CEE2C34ECBF0035B56C /* RatingsView.swift */; };
		91136CF12C35DDC40035B56C /* BookSamples.swift in Sources */ = {isa = PBXBuildFile; fileRef = 91136CF02C35DDC40035B56C /* BookSamples.swift */; };
		91136CF32C35E0F20035B56C /* PreviewContainer.swift in Sources */ = {isa = PBXBuildFile; fileRef = 91136CF22C35E0F20035B56C /* PreviewContainer.swift */; };
		919C60A02C3369D50027AD5A /* MyBooksApp.swift in Sources */ = {isa = PBXBuildFile; fileRef = 919C609F2C3369D50027AD5A /* MyBooksApp.swift */; };
		919C60A22C3369D50027AD5A /* BookListView.swift in Sources */ = {isa = PBXBuildFile; fileRef = 919C60A12C3369D50027AD5A /* BookListView.swift */; };
		919C60A62C3369D60027AD5A /* Assets.xcassets in Resources */ = {isa = PBXBuildFile; fileRef = 919C60A52C3369D60027AD5A /* Assets.xcassets */; };
		919C60A92C3369D60027AD5A /* Preview Assets.xcassets in Resources */ = {isa = PBXBuildFile; fileRef = 919C60A82C3369D60027AD5A /* Preview Assets.xcassets */; };
		919C60B32C3369D60027AD5A /* MyBooksTests.swift in Sources */ = {isa = PBXBuildFile; fileRef = 919C60B22C3369D60027AD5A /* MyBooksTests.swift */; };
		919C60BD2C3369D60027AD5A /* MyBooksUITests.swift in Sources */ = {isa = PBXBuildFile; fileRef = 919C60BC2C3369D60027AD5A /* MyBooksUITests.swift */; };
		919C60BF2C3369D60027AD5A /* MyBooksUITestsLaunchTests.swift in Sources */ = {isa = PBXBuildFile; fileRef = 919C60BE2C3369D60027AD5A /* MyBooksUITestsLaunchTests.swift */; };
		919C60CD2C336ABF0027AD5A /* Book.swift in Sources */ = {isa = PBXBuildFile; fileRef = 919C60CC2C336ABF0027AD5A /* Book.swift */; };
		919C60CF2C3372560027AD5A /* newBookView.swift in Sources */ = {isa = PBXBuildFile; fileRef = 919C60CE2C3372560027AD5A /* newBookView.swift */; };
		919C60D12C3389670027AD5A /* EditBookView.swift in Sources */ = {isa = PBXBuildFile; fileRef = 919C60D02C3389670027AD5A /* EditBookView.swift */; };
/* End PBXBuildFile section */

/* Begin PBXContainerItemProxy section */
		919C60AF2C3369D60027AD5A /* PBXContainerItemProxy */ = {
			isa = PBXContainerItemProxy;
			containerPortal = 919C60942C3369D50027AD5A /* Project object */;
			proxyType = 1;
			remoteGlobalIDString = 919C609B2C3369D50027AD5A;
			remoteInfo = MyBooks;
		};
		919C60B92C3369D60027AD5A /* PBXContainerItemProxy */ = {
			isa = PBXContainerItemProxy;
			containerPortal = 919C60942C3369D50027AD5A /* Project object */;
			proxyType = 1;
			remoteGlobalIDString = 919C609B2C3369D50027AD5A;
			remoteInfo = MyBooks;
		};
/* End PBXContainerItemProxy section */

/* Begin PBXFileReference section */
		91136CEE2C34ECBF0035B56C /* RatingsView.swift */ = {isa = PBXFileReference; fileEncoding = 4; lastKnownFileType = sourcecode.swift; name = RatingsView.swift; path = "../../../../Downloads/MyBooks-1stVideo_CRUD 2/MyBooks/RatingsView.swift"; sourceTree = "<group>"; };
		91136CF02C35DDC40035B56C /* BookSamples.swift */ = {isa = PBXFileReference; lastKnownFileType = sourcecode.swift; path = BookSamples.swift; sourceTree = "<group>"; };
		91136CF22C35E0F20035B56C /* PreviewContainer.swift */ = {isa = PBXFileReference; lastKnownFileType = sourcecode.swift; path = PreviewContainer.swift; sourceTree = "<group>"; };
		919C609C2C3369D50027AD5A /* MyBooks.app */ = {isa = PBXFileReference; explicitFileType = wrapper.application; includeInIndex = 0; path = MyBooks.app; sourceTree = BUILT_PRODUCTS_DIR; };
		919C609F2C3369D50027AD5A /* MyBooksApp.swift */ = {isa = PBXFileReference; lastKnownFileType = sourcecode.swift; path = MyBooksApp.swift; sourceTree = "<group>"; };
		919C60A12C3369D50027AD5A /* BookListView.swift */ = {isa = PBXFileReference; lastKnownFileType = sourcecode.swift; path = BookListView.swift; sourceTree = "<group>"; };
		919C60A52C3369D60027AD5A /* Assets.xcassets */ = {isa = PBXFileReference; lastKnownFileType = folder.assetcatalog; path = Assets.xcassets; sourceTree = "<group>"; };
		919C60A82C3369D60027AD5A /* Preview Assets.xcassets */ = {isa = PBXFileReference; lastKnownFileType = folder.assetcatalog; path = "Preview Assets.xcassets"; sourceTree = "<group>"; };
		919C60AE2C3369D60027AD5A /* MyBooksTests.xctest */ = {isa = PBXFileReference; explicitFileType = wrapper.cfbundle; includeInIndex = 0; path = MyBooksTests.xctest; sourceTree = BUILT_PRODUCTS_DIR; };
		919C60B22C3369D60027AD5A /* MyBooksTests.swift */ = {isa = PBXFileReference; lastKnownFileType = sourcecode.swift; path = MyBooksTests.swift; sourceTree = "<group>"; };
		919C60B82C3369D60027AD5A /* MyBooksUITests.xctest */ = {isa = PBXFileReference; explicitFileType = wrapper.cfbundle; includeInIndex = 0; path = MyBooksUITests.xctest; sourceTree = BUILT_PRODUCTS_DIR; };
		919C60BC2C3369D60027AD5A /* MyBooksUITests.swift */ = {isa = PBXFileReference; lastKnownFileType = sourcecode.swift; path = MyBooksUITests.swift; sourceTree = "<group>"; };
		919C60BE2C3369D60027AD5A /* MyBooksUITestsLaunchTests.swift */ = {isa = PBXFileReference; lastKnownFileType = sourcecode.swift; path = MyBooksUITestsLaunchTests.swift; sourceTree = "<group>"; };
		919C60CB2C336A140027AD5A /* README.md */ = {isa = PBXFileReference; lastKnownFileType = net.daringfireball.markdown; path = README.md; sourceTree = "<group>"; };
		919C60CC2C336ABF0027AD5A /* Book.swift */ = {isa = PBXFileReference; lastKnownFileType = sourcecode.swift; path = Book.swift; sourceTree = "<group>"; };
		919C60CE2C3372560027AD5A /* newBookView.swift */ = {isa = PBXFileReference; lastKnownFileType = sourcecode.swift; path = newBookView.swift; sourceTree = "<group>"; };
		919C60D02C3389670027AD5A /* EditBookView.swift */ = {isa = PBXFileReference; lastKnownFileType = sourcecode.swift; path = EditBookView.swift; sourceTree = "<group>"; };
/* End PBXFileReference section */

/* Begin PBXFrameworksBuildPhase section */
		919C60992C3369D50027AD5A /* Frameworks */ = {
			isa = PBXFrameworksBuildPhase;
			buildActionMask = 2147483647;
			files = (
			);
			runOnlyForDeploymentPostprocessing = 0;
		};
		919C60AB2C3369D60027AD5A /* Frameworks */ = {
			isa = PBXFrameworksBuildPhase;
			buildActionMask = 2147483647;
			files = (
			);
			runOnlyForDeploymentPostprocessing = 0;
		};
		919C60B52C3369D60027AD5A /* Frameworks */ = {
			isa = PBXFrameworksBuildPhase;
			buildActionMask = 2147483647;
			files = (
			);
			runOnlyForDeploymentPostprocessing = 0;
		};
/* End PBXFrameworksBuildPhase section */

/* Begin PBXGroup section */
		919C60932C3369D50027AD5A = {
			isa = PBXGroup;
			children = (
				919C60CB2C336A140027AD5A /* README.md */,
				919C609E2C3369D50027AD5A /* MyBooks */,
				919C60B12C3369D60027AD5A /* MyBooksTests */,
				919C60BB2C3369D60027AD5A /* MyBooksUITests */,
				919C609D2C3369D50027AD5A /* Products */,
			);
			sourceTree = "<group>";
		};
		919C609D2C3369D50027AD5A /* Products */ = {
			isa = PBXGroup;
			children = (
				919C609C2C3369D50027AD5A /* MyBooks.app */,
				919C60AE2C3369D60027AD5A /* MyBooksTests.xctest */,
				919C60B82C3369D60027AD5A /* MyBooksUITests.xctest */,
			);
			name = Products;
			sourceTree = "<group>";
		};
		919C609E2C3369D50027AD5A /* MyBooks */ = {
			isa = PBXGroup;
			children = (
				919C609F2C3369D50027AD5A /* MyBooksApp.swift */,
				919C60CC2C336ABF0027AD5A /* Book.swift */,
				919C60A12C3369D50027AD5A /* BookListView.swift */,
				91136CEE2C34ECBF0035B56C /* RatingsView.swift */,
				919C60CE2C3372560027AD5A /* newBookView.swift */,
				919C60D02C3389670027AD5A /* EditBookView.swift */,
				919C60A52C3369D60027AD5A /* Assets.xcassets */,
				919C60A72C3369D60027AD5A /* Preview Content */,
			);
			path = MyBooks;
			sourceTree = "<group>";
		};
		919C60A72C3369D60027AD5A /* Preview Content */ = {
			isa = PBXGroup;
			children = (
				919C60A82C3369D60027AD5A /* Preview Assets.xcassets */,
				91136CF02C35DDC40035B56C /* BookSamples.swift */,
				91136CF22C35E0F20035B56C /* PreviewContainer.swift */,
			);
			path = "Preview Content";
			sourceTree = "<group>";
		};
		919C60B12C3369D60027AD5A /* MyBooksTests */ = {
			isa = PBXGroup;
			children = (
				919C60B22C3369D60027AD5A /* MyBooksTests.swift */,
			);
			path = MyBooksTests;
			sourceTree = "<group>";
		};
		919C60BB2C3369D60027AD5A /* MyBooksUITests */ = {
			isa = PBXGroup;
			children = (
				919C60BC2C3369D60027AD5A /* MyBooksUITests.swift */,
				919C60BE2C3369D60027AD5A /* MyBooksUITestsLaunchTests.swift */,
			);
			path = MyBooksUITests;
			sourceTree = "<group>";
		};
/* End PBXGroup section */

/* Begin PBXNativeTarget section */
		919C609B2C3369D50027AD5A /* MyBooks */ = {
			isa = PBXNativeTarget;
			buildConfigurationList = 919C60C22C3369D60027AD5A /* Build configuration list for PBXNativeTarget "MyBooks" */;
			buildPhases = (
				919C60982C3369D50027AD5A /* Sources */,
				919C60992C3369D50027AD5A /* Frameworks */,
				919C609A2C3369D50027AD5A /* Resources */,
			);
			buildRules = (
			);
			dependencies = (
			);
			name = MyBooks;
			productName = MyBooks;
			productReference = 919C609C2C3369D50027AD5A /* MyBooks.app */;
			productType = "com.apple.product-type.application";
		};
		919C60AD2C3369D60027AD5A /* MyBooksTests */ = {
			isa = PBXNativeTarget;
			buildConfigurationList = 919C60C52C3369D60027AD5A /* Build configuration list for PBXNativeTarget "MyBooksTests" */;
			buildPhases = (
				919C60AA2C3369D60027AD5A /* Sources */,
				919C60AB2C3369D60027AD5A /* Frameworks */,
				919C60AC2C3369D60027AD5A /* Resources */,
			);
			buildRules = (
			);
			dependencies = (
				919C60B02C3369D60027AD5A /* PBXTargetDependency */,
			);
			name = MyBooksTests;
			productName = MyBooksTests;
			productReference = 919C60AE2C3369D60027AD5A /* MyBooksTests.xctest */;
			productType = "com.apple.product-type.bundle.unit-test";
		};
		919C60B72C3369D60027AD5A /* MyBooksUITests */ = {
			isa = PBXNativeTarget;
			buildConfigurationList = 919C60C82C3369D60027AD5A /* Build configuration list for PBXNativeTarget "MyBooksUITests" */;
			buildPhases = (
				919C60B42C3369D60027AD5A /* Sources */,
				919C60B52C3369D60027AD5A /* Frameworks */,
				919C60B62C3369D60027AD5A /* Resources */,
			);
			buildRules = (
			);
			dependencies = (
				919C60BA2C3369D60027AD5A /* PBXTargetDependency */,
			);
			name = MyBooksUITests;
			productName = MyBooksUITests;
			productReference = 919C60B82C3369D60027AD5A /* MyBooksUITests.xctest */;
			productType = "com.apple.product-type.bundle.ui-testing";
		};
/* End PBXNativeTarget section */

/* Begin PBXProject section */
		919C60942C3369D50027AD5A /* Project object */ = {
			isa = PBXProject;
			attributes = {
				BuildIndependentTargetsInParallel = 1;
				LastSwiftUpdateCheck = 1540;
				LastUpgradeCheck = 1540;
				TargetAttributes = {
					919C609B2C3369D50027AD5A = {
						CreatedOnToolsVersion = 15.4;
					};
					919C60AD2C3369D60027AD5A = {
						CreatedOnToolsVersion = 15.4;
						TestTargetID = 919C609B2C3369D50027AD5A;
					};
					919C60B72C3369D60027AD5A = {
						CreatedOnToolsVersion = 15.4;
						TestTargetID = 919C609B2C3369D50027AD5A;
					};
				};
			};
			buildConfigurationList = 919C60972C3369D50027AD5A /* Build configuration list for PBXProject "MyBooks" */;
			compatibilityVersion = "Xcode 14.0";
			developmentRegion = en;
			hasScannedForEncodings = 0;
			knownRegions = (
				en,
				Base,
			);
			mainGroup = 919C60932C3369D50027AD5A;
			productRefGroup = 919C609D2C3369D50027AD5A /* Products */;
			projectDirPath = "";
			projectRoot = "";
			targets = (
				919C609B2C3369D50027AD5A /* MyBooks */,
				919C60AD2C3369D60027AD5A /* MyBooksTests */,
				919C60B72C3369D60027AD5A /* MyBooksUITests */,
			);
		};
/* End PBXProject section */

/* Begin PBXResourcesBuildPhase section */
		919C609A2C3369D50027AD5A /* Resources */ = {
			isa = PBXResourcesBuildPhase;
			buildActionMask = 2147483647;
			files = (
				919C60A92C3369D60027AD5A /* Preview Assets.xcassets in Resources */,
				919C60A62C3369D60027AD5A /* Assets.xcassets in Resources */,
			);
			runOnlyForDeploymentPostprocessing = 0;
		};
		919C60AC2C3369D60027AD5A /* Resources */ = {
			isa = PBXResourcesBuildPhase;
			buildActionMask = 2147483647;
			files = (
			);
			runOnlyForDeploymentPostprocessing = 0;
		};
		919C60B62C3369D60027AD5A /* Resources */ = {
			isa = PBXResourcesBuildPhase;
			buildActionMask = 2147483647;
			files = (
			);
			runOnlyForDeploymentPostprocessing = 0;
		};
/* End PBXResourcesBuildPhase section */

/* Begin PBXSourcesBuildPhase section */
		919C60982C3369D50027AD5A /* Sources */ = {
			isa = PBXSourcesBuildPhase;
			buildActionMask = 2147483647;
			files = (
				91136CF12C35DDC40035B56C /* BookSamples.swift in Sources */,
				919C60CF2C3372560027AD5A /* newBookView.swift in Sources */,
				91136CEF2C34ECBF0035B56C /* RatingsView.swift in Sources */,
				919C60D12C3389670027AD5A /* EditBookView.swift in Sources */,
				919C60CD2C336ABF0027AD5A /* Book.swift in Sources */,
				919C60A22C3369D50027AD5A /* BookListView.swift in Sources */,
				91136CF32C35E0F20035B56C /* PreviewContainer.swift in Sources */,
				919C60A02C3369D50027AD5A /* MyBooksApp.swift in Sources */,
			);
			runOnlyForDeploymentPostprocessing = 0;
		};
		919C60AA2C3369D60027AD5A /* Sources */ = {
			isa = PBXSourcesBuildPhase;
			buildActionMask = 2147483647;
			files = (
				919C60B32C3369D60027AD5A /* MyBooksTests.swift in Sources */,
			);
			runOnlyForDeploymentPostprocessing = 0;
		};
		919C60B42C3369D60027AD5A /* Sources */ = {
			isa = PBXSourcesBuildPhase;
			buildActionMask = 2147483647;
			files = (
				919C60BD2C3369D60027AD5A /* MyBooksUITests.swift in Sources */,
				919C60BF2C3369D60027AD5A /* MyBooksUITestsLaunchTests.swift in Sources */,
			);
			runOnlyForDeploymentPostprocessing = 0;
		};
/* End PBXSourcesBuildPhase section */

/* Begin PBXTargetDependency section */
		919C60B02C3369D60027AD5A /* PBXTargetDependency */ = {
			isa = PBXTargetDependency;
			target = 919C609B2C3369D50027AD5A /* MyBooks */;
			targetProxy = 919C60AF2C3369D60027AD5A /* PBXContainerItemProxy */;
		};
		919C60BA2C3369D60027AD5A /* PBXTargetDependency */ = {
			isa = PBXTargetDependency;
			target = 919C609B2C3369D50027AD5A /* MyBooks */;
			targetProxy = 919C60B92C3369D60027AD5A /* PBXContainerItemProxy */;
		};
/* End PBXTargetDependency section */

/* Begin XCBuildConfiguration section */
		919C60C02C3369D60027AD5A /* Debug */ = {
			isa = XCBuildConfiguration;
			buildSettings = {
				ALWAYS_SEARCH_USER_PATHS = NO;
				ASSETCATALOG_COMPILER_GENERATE_SWIFT_ASSET_SYMBOL_EXTENSIONS = YES;
				CLANG_ANALYZER_NONNULL = YES;
				CLANG_ANALYZER_NUMBER_OBJECT_CONVERSION = YES_AGGRESSIVE;
				CLANG_CXX_LANGUAGE_STANDARD = "gnu++20";
				CLANG_ENABLE_MODULES = YES;
				CLANG_ENABLE_OBJC_ARC = YES;
				CLANG_ENABLE_OBJC_WEAK = YES;
				CLANG_WARN_BLOCK_CAPTURE_AUTORELEASING = YES;
				CLANG_WARN_BOOL_CONVERSION = YES;
				CLANG_WARN_COMMA = YES;
				CLANG_WARN_CONSTANT_CONVERSION = YES;
				CLANG_WARN_DEPRECATED_OBJC_IMPLEMENTATIONS = YES;
				CLANG_WARN_DIRECT_OBJC_ISA_USAGE = YES_ERROR;
				CLANG_WARN_DOCUMENTATION_COMMENTS = YES;
				CLANG_WARN_EMPTY_BODY = YES;
				CLANG_WARN_ENUM_CONVERSION = YES;
				CLANG_WARN_INFINITE_RECURSION = YES;
				CLANG_WARN_INT_CONVERSION = YES;
				CLANG_WARN_NON_LITERAL_NULL_CONVERSION = YES;
				CLANG_WARN_OBJC_IMPLICIT_RETAIN_SELF = YES;
				CLANG_WARN_OBJC_LITERAL_CONVERSION = YES;
				CLANG_WARN_OBJC_ROOT_CLASS = YES_ERROR;
				CLANG_WARN_QUOTED_INCLUDE_IN_FRAMEWORK_HEADER = YES;
				CLANG_WARN_RANGE_LOOP_ANALYSIS = YES;
				CLANG_WARN_STRICT_PROTOTYPES = YES;
				CLANG_WARN_SUSPICIOUS_MOVE = YES;
				CLANG_WARN_UNGUARDED_AVAILABILITY = YES_AGGRESSIVE;
				CLANG_WARN_UNREACHABLE_CODE = YES;
				CLANG_WARN__DUPLICATE_METHOD_MATCH = YES;
				COPY_PHASE_STRIP = NO;
				DEBUG_INFORMATION_FORMAT = dwarf;
				ENABLE_STRICT_OBJC_MSGSEND = YES;
				ENABLE_TESTABILITY = YES;
				ENABLE_USER_SCRIPT_SANDBOXING = YES;
				GCC_C_LANGUAGE_STANDARD = gnu17;
				GCC_DYNAMIC_NO_PIC = NO;
				GCC_NO_COMMON_BLOCKS = YES;
				GCC_OPTIMIZATION_LEVEL = 0;
				GCC_PREPROCESSOR_DEFINITIONS = (
					"DEBUG=1",
					"$(inherited)",
				);
				GCC_WARN_64_TO_32_BIT_CONVERSION = YES;
				GCC_WARN_ABOUT_RETURN_TYPE = YES_ERROR;
				GCC_WARN_UNDECLARED_SELECTOR = YES;
				GCC_WARN_UNINITIALIZED_AUTOS = YES_AGGRESSIVE;
				GCC_WARN_UNUSED_FUNCTION = YES;
				GCC_WARN_UNUSED_VARIABLE = YES;
				IPHONEOS_DEPLOYMENT_TARGET = 17.5;
				LOCALIZATION_PREFERS_STRING_CATALOGS = YES;
				MTL_ENABLE_DEBUG_INFO = INCLUDE_SOURCE;
				MTL_FAST_MATH = YES;
				ONLY_ACTIVE_ARCH = YES;
				SDKROOT = iphoneos;
				SWIFT_ACTIVE_COMPILATION_CONDITIONS = "DEBUG $(inherited)";
				SWIFT_OPTIMIZATION_LEVEL = "-Onone";
			};
			name = Debug;
		};
		919C60C12C3369D60027AD5A /* Release */ = {
			isa = XCBuildConfiguration;
			buildSettings = {
				ALWAYS_SEARCH_USER_PATHS = NO;
				ASSETCATALOG_COMPILER_GENERATE_SWIFT_ASSET_SYMBOL_EXTENSIONS = YES;
				CLANG_ANALYZER_NONNULL = YES;
				CLANG_ANALYZER_NUMBER_OBJECT_CONVERSION = YES_AGGRESSIVE;
				CLANG_CXX_LANGUAGE_STANDARD = "gnu++20";
				CLANG_ENABLE_MODULES = YES;
				CLANG_ENABLE_OBJC_ARC = YES;
				CLANG_ENABLE_OBJC_WEAK = YES;
				CLANG_WARN_BLOCK_CAPTURE_AUTORELEASING = YES;
				CLANG_WARN_BOOL_CONVERSION = YES;
				CLANG_WARN_COMMA = YES;
				CLANG_WARN_CONSTANT_CONVERSION = YES;
				CLANG_WARN_DEPRECATED_OBJC_IMPLEMENTATIONS = YES;
				CLANG_WARN_DIRECT_OBJC_ISA_USAGE = YES_ERROR;
				CLANG_WARN_DOCUMENTATION_COMMENTS = YES;
				CLANG_WARN_EMPTY_BODY = YES;
				CLANG_WARN_ENUM_CONVERSION = YES;
				CLANG_WARN_INFINITE_RECURSION = YES;
				CLANG_WARN_INT_CONVERSION = YES;
				CLANG_WARN_NON_LITERAL_NULL_CONVERSION = YES;
				CLANG_WARN_OBJC_IMPLICIT_RETAIN_SELF = YES;
				CLANG_WARN_OBJC_LITERAL_CONVERSION = YES;
				CLANG_WARN_OBJC_ROOT_CLASS = YES_ERROR;
				CLANG_WARN_QUOTED_INCLUDE_IN_FRAMEWORK_HEADER = YES;
				CLANG_WARN_RANGE_LOOP_ANALYSIS = YES;
				CLANG_WARN_STRICT_PROTOTYPES = YES;
				CLANG_WARN_SUSPICIOUS_MOVE = YES;
				CLANG_WARN_UNGUARDED_AVAILABILITY = YES_AGGRESSIVE;
				CLANG_WARN_UNREACHABLE_CODE = YES;
				CLANG_WARN__DUPLICATE_METHOD_MATCH = YES;
				COPY_PHASE_STRIP = NO;
				DEBUG_INFORMATION_FORMAT = "dwarf-with-dsym";
				ENABLE_NS_ASSERTIONS = NO;
				ENABLE_STRICT_OBJC_MSGSEND = YES;
				ENABLE_USER_SCRIPT_SANDBOXING = YES;
				GCC_C_LANGUAGE_STANDARD = gnu17;
				GCC_NO_COMMON_BLOCKS = YES;
				GCC_WARN_64_TO_32_BIT_CONVERSION = YES;
				GCC_WARN_ABOUT_RETURN_TYPE = YES_ERROR;
				GCC_WARN_UNDECLARED_SELECTOR = YES;
				GCC_WARN_UNINITIALIZED_AUTOS = YES_AGGRESSIVE;
				GCC_WARN_UNUSED_FUNCTION = YES;
				GCC_WARN_UNUSED_VARIABLE = YES;
				IPHONEOS_DEPLOYMENT_TARGET = 17.5;
				LOCALIZATION_PREFERS_STRING_CATALOGS = YES;
				MTL_ENABLE_DEBUG_INFO = NO;
				MTL_FAST_MATH = YES;
				SDKROOT = iphoneos;
				SWIFT_COMPILATION_MODE = wholemodule;
				VALIDATE_PRODUCT = YES;
			};
			name = Release;
		};
		919C60C32C3369D60027AD5A /* Debug */ = {
			isa = XCBuildConfiguration;
			buildSettings = {
				ASSETCATALOG_COMPILER_APPICON_NAME = AppIcon;
				ASSETCATALOG_COMPILER_GLOBAL_ACCENT_COLOR_NAME = AccentColor;
				CODE_SIGN_STYLE = Automatic;
				CURRENT_PROJECT_VERSION = 1;
				DEVELOPMENT_ASSET_PATHS = "\"MyBooks/Preview Content\"";
				DEVELOPMENT_TEAM = H9358XX337;
				ENABLE_PREVIEWS = YES;
				GENERATE_INFOPLIST_FILE = YES;
				INFOPLIST_KEY_CFBundleDisplayName = "My Books";
				INFOPLIST_KEY_UIApplicationSceneManifest_Generation = YES;
				INFOPLIST_KEY_UIApplicationSupportsIndirectInputEvents = YES;
				INFOPLIST_KEY_UILaunchScreen_Generation = YES;
				INFOPLIST_KEY_UISupportedInterfaceOrientations_iPad = "UIInterfaceOrientationPortrait UIInterfaceOrientationPortraitUpsideDown UIInterfaceOrientationLandscapeLeft UIInterfaceOrientationLandscapeRight";
				INFOPLIST_KEY_UISupportedInterfaceOrientations_iPhone = "UIInterfaceOrientationPortrait UIInterfaceOrientationLandscapeLeft UIInterfaceOrientationLandscapeRight";
				LD_RUNPATH_SEARCH_PATHS = (
					"$(inherited)",
					"@executable_path/Frameworks",
				);
				MARKETING_VERSION = 1.0;
				PRODUCT_BUNDLE_IDENTIFIER = com.macmodeler.MyBooks;
				PRODUCT_NAME = "$(TARGET_NAME)";
				SWIFT_EMIT_LOC_STRINGS = YES;
				SWIFT_VERSION = 5.0;
				TARGETED_DEVICE_FAMILY = "1,2";
			};
			name = Debug;
		};
		919C60C42C3369D60027AD5A /* Release */ = {
			isa = XCBuildConfiguration;
			buildSettings = {
				ASSETCATALOG_COMPILER_APPICON_NAME = AppIcon;
				ASSETCATALOG_COMPILER_GLOBAL_ACCENT_COLOR_NAME = AccentColor;
				CODE_SIGN_STYLE = Automatic;
				CURRENT_PROJECT_VERSION = 1;
				DEVELOPMENT_ASSET_PATHS = "\"MyBooks/Preview Content\"";
				DEVELOPMENT_TEAM = H9358XX337;
				ENABLE_PREVIEWS = YES;
				GENERATE_INFOPLIST_FILE = YES;
				INFOPLIST_KEY_CFBundleDisplayName = "My Books";
				INFOPLIST_KEY_UIApplicationSceneManifest_Generation = YES;
				INFOPLIST_KEY_UIApplicationSupportsIndirectInputEvents = YES;
				INFOPLIST_KEY_UILaunchScreen_Generation = YES;
				INFOPLIST_KEY_UISupportedInterfaceOrientations_iPad = "UIInterfaceOrientationPortrait UIInterfaceOrientationPortraitUpsideDown UIInterfaceOrientationLandscapeLeft UIInterfaceOrientationLandscapeRight";
				INFOPLIST_KEY_UISupportedInterfaceOrientations_iPhone = "UIInterfaceOrientationPortrait UIInterfaceOrientationLandscapeLeft UIInterfaceOrientationLandscapeRight";
				LD_RUNPATH_SEARCH_PATHS = (
					"$(inherited)",
					"@executable_path/Frameworks",
				);
				MARKETING_VERSION = 1.0;
				PRODUCT_BUNDLE_IDENTIFIER = com.macmodeler.MyBooks;
				PRODUCT_NAME = "$(TARGET_NAME)";
				SWIFT_EMIT_LOC_STRINGS = YES;
				SWIFT_VERSION = 5.0;
				TARGETED_DEVICE_FAMILY = "1,2";
			};
			name = Release;
		};
		919C60C62C3369D60027AD5A /* Debug */ = {
			isa = XCBuildConfiguration;
			buildSettings = {
				ALWAYS_EMBED_SWIFT_STANDARD_LIBRARIES = YES;
				BUNDLE_LOADER = "$(TEST_HOST)";
				CODE_SIGN_STYLE = Automatic;
				CURRENT_PROJECT_VERSION = 1;
				DEVELOPMENT_TEAM = H9358XX337;
				GENERATE_INFOPLIST_FILE = YES;
				IPHONEOS_DEPLOYMENT_TARGET = 17.5;
				MARKETING_VERSION = 1.0;
				PRODUCT_BUNDLE_IDENTIFIER = com.macmodeler.MyBooksTests;
				PRODUCT_NAME = "$(TARGET_NAME)";
				SWIFT_EMIT_LOC_STRINGS = NO;
				SWIFT_VERSION = 5.0;
				TARGETED_DEVICE_FAMILY = "1,2";
				TEST_HOST = "$(BUILT_PRODUCTS_DIR)/MyBooks.app/$(BUNDLE_EXECUTABLE_FOLDER_PATH)/MyBooks";
			};
			name = Debug;
		};
		919C60C72C3369D60027AD5A /* Release */ = {
			isa = XCBuildConfiguration;
			buildSettings = {
				ALWAYS_EMBED_SWIFT_STANDARD_LIBRARIES = YES;
				BUNDLE_LOADER = "$(TEST_HOST)";
				CODE_SIGN_STYLE = Automatic;
				CURRENT_PROJECT_VERSION = 1;
				DEVELOPMENT_TEAM = H9358XX337;
				GENERATE_INFOPLIST_FILE = YES;
				IPHONEOS_DEPLOYMENT_TARGET = 17.5;
				MARKETING_VERSION = 1.0;
				PRODUCT_BUNDLE_IDENTIFIER = com.macmodeler.MyBooksTests;
				PRODUCT_NAME = "$(TARGET_NAME)";
				SWIFT_EMIT_LOC_STRINGS = NO;
				SWIFT_VERSION = 5.0;
				TARGETED_DEVICE_FAMILY = "1,2";
				TEST_HOST = "$(BUILT_PRODUCTS_DIR)/MyBooks.app/$(BUNDLE_EXECUTABLE_FOLDER_PATH)/MyBooks";
			};
			name = Release;
		};
		919C60C92C3369D60027AD5A /* Debug */ = {
			isa = XCBuildConfiguration;
			buildSettings = {
				ALWAYS_EMBED_SWIFT_STANDARD_LIBRARIES = YES;
				CODE_SIGN_STYLE = Automatic;
				CURRENT_PROJECT_VERSION = 1;
				DEVELOPMENT_TEAM = H9358XX337;
				GENERATE_INFOPLIST_FILE = YES;
				MARKETING_VERSION = 1.0;
				PRODUCT_BUNDLE_IDENTIFIER = com.macmodeler.MyBooksUITests;
				PRODUCT_NAME = "$(TARGET_NAME)";
				SWIFT_EMIT_LOC_STRINGS = NO;
				SWIFT_VERSION = 5.0;
				TARGETED_DEVICE_FAMILY = "1,2";
				TEST_TARGET_NAME = MyBooks;
			};
			name = Debug;
		};
		919C60CA2C3369D60027AD5A /* Release */ = {
			isa = XCBuildConfiguration;
			buildSettings = {
				ALWAYS_EMBED_SWIFT_STANDARD_LIBRARIES = YES;
				CODE_SIGN_STYLE = Automatic;
				CURRENT_PROJECT_VERSION = 1;
				DEVELOPMENT_TEAM = H9358XX337;
				GENERATE_INFOPLIST_FILE = YES;
				MARKETING_VERSION = 1.0;
				PRODUCT_BUNDLE_IDENTIFIER = com.macmodeler.MyBooksUITests;
				PRODUCT_NAME = "$(TARGET_NAME)";
				SWIFT_EMIT_LOC_STRINGS = NO;
				SWIFT_VERSION = 5.0;
				TARGETED_DEVICE_FAMILY = "1,2";
				TEST_TARGET_NAME = MyBooks;
			};
			name = Release;
		};
/* End XCBuildConfiguration section */

/* Begin XCConfigurationList section */
		919C60972C3369D50027AD5A /* Build configuration list for PBXProject "MyBooks" */ = {
			isa = XCConfigurationList;
			buildConfigurations = (
				919C60C02C3369D60027AD5A /* Debug */,
				919C60C12C3369D60027AD5A /* Release */,
			);
			defaultConfigurationIsVisible = 0;
			defaultConfigurationName = Release;
		};
		919C60C22C3369D60027AD5A /* Build configuration list for PBXNativeTarget "MyBooks" */ = {
			isa = XCConfigurationList;
			buildConfigurations = (
				919C60C32C3369D60027AD5A /* Debug */,
				919C60C42C3369D60027AD5A /* Release */,
			);
			defaultConfigurationIsVisible = 0;
			defaultConfigurationName = Release;
		};
		919C60C52C3369D60027AD5A /* Build configuration list for PBXNativeTarget "MyBooksTests" */ = {
			isa = XCConfigurationList;
			buildConfigurations = (
				919C60C62C3369D60027AD5A /* Debug */,
				919C60C72C3369D60027AD5A /* Release */,
			);
			defaultConfigurationIsVisible = 0;
			defaultConfigurationName = Release;
		};
		919C60C82C3369D60027AD5A /* Build configuration list for PBXNativeTarget "MyBooksUITests" */ = {
			isa = XCConfigurationList;
			buildConfigurations = (
				919C60C92C3369D60027AD5A /* Debug */,
				919C60CA2C3369D60027AD5A /* Release */,
			);
			defaultConfigurationIsVisible = 0;
			defaultConfigurationName = Release;
		};
/* End XCConfigurationList section */
	};
	rootObject = 919C60942C3369D50027AD5A /* Project object */;
}
